
Microsoft Visual Studio Solution File, Format Version 12.00
# Visual Studio Version 17
VisualStudioVersion = 17.5.002.0
MinimumVisualStudioVersion = 10.0.40219.1
Project("{9A19103F-16F7-4668-BE54-9A1E7A4F7556}") = "MultiBusTestCore", "MultiBusTestCore.csproj", "{A0BE0986-7AE7-44AB-8130-9BC081ECA8A3}"
EndProject
Global
	GlobalSection(SolutionConfigurationPlatforms) = preSolution
		Debug|Any CPU = Debug|Any CPU
		Release|Any CPU = Release|Any CPU
	EndGlobalSection
	GlobalSection(ProjectConfigurationPlatforms) = postSolution
		{A0BE0986-7AE7-44AB-8130-9BC081ECA8A3}.Debug|Any CPU.ActiveCfg = Debug|Any CPU
		{A0BE0986-7AE7-44AB-8130-9BC081ECA8A3}.Debug|Any CPU.Build.0 = Debug|Any CPU
		{A0BE0986-7AE7-44AB-8130-9BC081ECA8A3}.Release|Any CPU.ActiveCfg = Release|Any CPU
		{A0BE0986-7AE7-44AB-8130-9BC081ECA8A3}.Release|Any CPU.Build.0 = Release|Any CPU
	EndGlobalSection
	GlobalSection(SolutionProperties) = preSolution
		HideSolutionNode = FALSE
	EndGlobalSection
	GlobalSection(ExtensibilityGlobals) = postSolution
		SolutionGuid = {B497701B-4337-400A-9D47-3FAA21FEDE49}
	EndGlobalSection
EndGlobal
